
Microsoft Visual Studio Solution File, Format Version 12.00
# Visual Studio Version 16
VisualStudioVersion = 16.0.30804.86
MinimumVisualStudioVersion = 10.0.40219.1
Project("{9A19103F-16F7-4668-BE54-9A1E7A4F7556}") = "OverviewRkiData", "OverviewRkiData\OverviewRkiData.csproj", "{49367FCF-6D72-4402-88FB-B8585C8E0EB3}"
EndProject
Global
	GlobalSection(SolutionConfigurationPlatforms) = preSolution
		Debug|Any CPU = Debug|Any CPU
		Release|Any CPU = Release|Any CPU
	EndGlobalSection
	GlobalSection(ProjectConfigurationPlatforms) = postSolution
		{49367FCF-6D72-4402-88FB-B8585C8E0EB3}.Debug|Any CPU.ActiveCfg = Debug|Any CPU
		{49367FCF-6D72-4402-88FB-B8585C8E0EB3}.Debug|Any CPU.Build.0 = Debug|Any CPU
		{49367FCF-6D72-4402-88FB-B8585C8E0EB3}.Release|Any CPU.ActiveCfg = Release|Any CPU
		{49367FCF-6D72-4402-88FB-B8585C8E0EB3}.Release|Any CPU.Build.0 = Release|Any CPU
	EndGlobalSection
	GlobalSection(SolutionProperties) = preSolution
		HideSolutionNode = FALSE
	EndGlobalSection
	GlobalSection(ExtensibilityGlobals) = postSolution
		SolutionGuid = {F74759B3-65C9-4455-8EE0-D142CB31B1FD}
	EndGlobalSection
EndGlobal
